
Microsoft Visual Studio Solution File, Format Version 12.00
# Visual Studio Version 16
VisualStudioVersion = 25.0.1706.11
MinimumVisualStudioVersion = 10.0.40219.1
Project("{FAE04EC0-301F-11D3-BF4B-00C04F79EFBC}") = "DesafioProjetoHospedagem", "DesafioProjetoHospedagem.csproj", "{6B190F54-AFF4-490E-9172-3D2C0D63BB61}"
EndProject
Global
	GlobalSection(SolutionConfigurationPlatforms) = preSolution
		Debug|Any CPU = Debug|Any CPU
		Release|Any CPU = Release|Any CPU
	EndGlobalSection
	GlobalSection(ProjectConfigurationPlatforms) = postSolution
		{6B190F54-AFF4-490E-9172-3D2C0D63BB61}.Debug|Any CPU.ActiveCfg = Debug|Any CPU
		{6B190F54-AFF4-490E-9172-3D2C0D63BB61}.Debug|Any CPU.Build.0 = Debug|Any CPU
		{6B190F54-AFF4-490E-9172-3D2C0D63BB61}.Release|Any CPU.ActiveCfg = Release|Any CPU
		{6B190F54-AFF4-490E-9172-3D2C0D63BB61}.Release|Any CPU.Build.0 = Release|Any CPU
	EndGlobalSection
	GlobalSection(SolutionProperties) = preSolution
		HideSolutionNode = FALSE
	EndGlobalSection
	GlobalSection(ExtensibilityGlobals) = postSolution
		SolutionGuid = {C93C625A-DD2F-44D3-A6FB-9D9315D40D86}
	EndGlobalSection
EndGlobal
